
Microsoft Visual Studio Solution File, Format Version 12.00
# Visual Studio 2013
VisualStudioVersion = 12.0.40629.0
MinimumVisualStudioVersion = 10.0.40219.1
Project("{FAE04EC0-301F-11D3-BF4B-00C04F79EFBC}") = "cs_EVE-Assets-Value-Calculator", "cs_EVE-Assets-Value-Calculator\cs_EVE-Assets-Value-Calculator.csproj", "{4F8181BD-E848-4CFD-B9EA-22D7998A5A59}"
EndProject
Global
	GlobalSection(SolutionConfigurationPlatforms) = preSolution
		Debug|Any CPU = Debug|Any CPU
		Release|Any CPU = Release|Any CPU
	EndGlobalSection
	GlobalSection(ProjectConfigurationPlatforms) = postSolution
		{4F8181BD-E848-4CFD-B9EA-22D7998A5A59}.Debug|Any CPU.ActiveCfg = Debug|Any CPU
		{4F8181BD-E848-4CFD-B9EA-22D7998A5A59}.Debug|Any CPU.Build.0 = Debug|Any CPU
		{4F8181BD-E848-4CFD-B9EA-22D7998A5A59}.Release|Any CPU.ActiveCfg = Release|Any CPU
		{4F8181BD-E848-4CFD-B9EA-22D7998A5A59}.Release|Any CPU.Build.0 = Release|Any CPU
	EndGlobalSection
	GlobalSection(SolutionProperties) = preSolution
		HideSolutionNode = FALSE
	EndGlobalSection
EndGlobal
